
Microsoft Visual Studio Solution File, Format Version 12.00
# Visual Studio 2013
VisualStudioVersion = 12.0.21005.1
MinimumVisualStudioVersion = 10.0.40219.1
Project("{FAE04EC0-301F-11D3-BF4B-00C04F79EFBC}") = "proj4js-test", "proj4js-test.csproj", "{E55A75B6-41DA-4377-AF60-D6C815005422}"
EndProject
Global
	GlobalSection(SolutionConfigurationPlatforms) = preSolution
		Debug|Any CPU = Debug|Any CPU
		Release|Any CPU = Release|Any CPU
	EndGlobalSection
	GlobalSection(ProjectConfigurationPlatforms) = postSolution
		{E55A75B6-41DA-4377-AF60-D6C815005422}.Debug|Any CPU.ActiveCfg = Debug|Any CPU
		{E55A75B6-41DA-4377-AF60-D6C815005422}.Debug|Any CPU.Build.0 = Debug|Any CPU
		{E55A75B6-41DA-4377-AF60-D6C815005422}.Release|Any CPU.ActiveCfg = Release|Any CPU
		{E55A75B6-41DA-4377-AF60-D6C815005422}.Release|Any CPU.Build.0 = Release|Any CPU
	EndGlobalSection
	GlobalSection(SolutionProperties) = preSolution
		HideSolutionNode = FALSE
	EndGlobalSection
EndGlobal
